{
  "name": "@mariozechner/pi",
  "version": "0.2.4",
  "lockfileVersion": 3,
  "requires": true,
  "packages": {
    "": {
      "name": "@mariozechner/pi",
      "version": "0.2.4",
      "license": "MIT",
      "bin": {
        "pi": "pi.js"
      },
      "engines": {
        "node": ">=14.0.0"
      }
    }
  }
}
