{
  "name": "@badlogic/pi",
  "version": "1.0.0",
  "lockfileVersion": 3,
  "requires": true,
  "packages": {
    "": {
      "name": "@badlogic/pi",
      "version": "1.0.0",
      "license": "MIT",
      "bin": {
        "pi": "pi"
      },
      "engines": {
        "node": ">=14.0.0"
      }
    }
  }
}
